// !$*UTF8*$!
{
	archiveVersion = 1;
	classes = {
	};
	objectVersion = 56;
	objects = {

/* Begin PBXBuildFile section */
		DB0EB6B12975B90C005ABFB3 /* CampusUsers.swift in Sources */ = {isa = PBXBuildFile; fileRef = DB0EB6B02975B90C005ABFB3 /* CampusUsers.swift */; };
		DB0EB6B32975D0E3005ABFB3 /* ParisCampusUsersAPI.swift in Sources */ = {isa = PBXBuildFile; fileRef = DB0EB6B22975D0E3005ABFB3 /* ParisCampusUsersAPI.swift */; };
		DB0EB6B52975E700005ABFB3 /* LoginAutocompleteView.swift in Sources */ = {isa = PBXBuildFile; fileRef = DB0EB6B42975E700005ABFB3 /* LoginAutocompleteView.swift */; };
		DB393FDC2976E3EE00E0B36C /* UserAPIModel.swift in Sources */ = {isa = PBXBuildFile; fileRef = DB393FDB2976E3EE00E0B36C /* UserAPIModel.swift */; };
		DB393FDE2976E3F500E0B36C /* User.swift in Sources */ = {isa = PBXBuildFile; fileRef = DB393FDD2976E3F500E0B36C /* User.swift */; };
		DB393FE02976F0C300E0B36C /* Coalition.swift in Sources */ = {isa = PBXBuildFile; fileRef = DB393FDF2976F0C300E0B36C /* Coalition.swift */; };
		DB393FE42976F46D00E0B36C /* UserResultView.swift in Sources */ = {isa = PBXBuildFile; fileRef = DB393FE32976F46D00E0B36C /* UserResultView.swift */; };
		DB393FE62978429F00E0B36C /* LevelBarView.swift in Sources */ = {isa = PBXBuildFile; fileRef = DB393FE52978429F00E0B36C /* LevelBarView.swift */; };
		DBB60A3C29718BC70093BAA9 /* 42API-Info.plist in Resources */ = {isa = PBXBuildFile; fileRef = DBB60A3B29718BC70093BAA9 /* 42API-Info.plist */; };
		DBB60A4229719B430093BAA9 /* TokenAPIModel.swift in Sources */ = {isa = PBXBuildFile; fileRef = DBB60A4129719B430093BAA9 /* TokenAPIModel.swift */; };
		DBB60A4429719EA20093BAA9 /* Token.swift in Sources */ = {isa = PBXBuildFile; fileRef = DBB60A4329719EA20093BAA9 /* Token.swift */; };
		DBB65056296D60530078375B /* swifty_companionApp.swift in Sources */ = {isa = PBXBuildFile; fileRef = DBB65055296D60530078375B /* swifty_companionApp.swift */; };
		DBB65058296D60530078375B /* HomePageView.swift in Sources */ = {isa = PBXBuildFile; fileRef = DBB65057296D60530078375B /* HomePageView.swift */; };
		DBB6505A296D60550078375B /* Assets.xcassets in Resources */ = {isa = PBXBuildFile; fileRef = DBB65059296D60550078375B /* Assets.xcassets */; };
		DBB6505D296D60550078375B /* Preview Assets.xcassets in Resources */ = {isa = PBXBuildFile; fileRef = DBB6505C296D60550078375B /* Preview Assets.xcassets */; };
		DBCD699D296DA6EA0046D5F9 /* StyledTextField.swift in Sources */ = {isa = PBXBuildFile; fileRef = DBCD699C296DA6EA0046D5F9 /* StyledTextField.swift */; };
		DBCD699F296DCC2D0046D5F9 /* LoadingView.swift in Sources */ = {isa = PBXBuildFile; fileRef = DBCD699E296DCC2D0046D5F9 /* LoadingView.swift */; };
		DBCD69A2296DCD420046D5F9 /* SearchLoginView.swift in Sources */ = {isa = PBXBuildFile; fileRef = DBCD69A1296DCD420046D5F9 /* SearchLoginView.swift */; };
		DBE8AE1B296D9DBF00DAFBE1 /* ButtonIcon.swift in Sources */ = {isa = PBXBuildFile; fileRef = DBE8AE1A296D9DBF00DAFBE1 /* ButtonIcon.swift */; };
		DBE8AE1D296DA10B00DAFBE1 /* LoginEntryView.swift in Sources */ = {isa = PBXBuildFile; fileRef = DBE8AE1C296DA10B00DAFBE1 /* LoginEntryView.swift */; };
/* End PBXBuildFile section */

/* Begin PBXFileReference section */
		DB0EB6B02975B90C005ABFB3 /* CampusUsers.swift */ = {isa = PBXFileReference; lastKnownFileType = sourcecode.swift; path = CampusUsers.swift; sourceTree = "<group>"; };
		DB0EB6B22975D0E3005ABFB3 /* ParisCampusUsersAPI.swift */ = {isa = PBXFileReference; lastKnownFileType = sourcecode.swift; path = ParisCampusUsersAPI.swift; sourceTree = "<group>"; };
		DB0EB6B42975E700005ABFB3 /* LoginAutocompleteView.swift */ = {isa = PBXFileReference; lastKnownFileType = sourcecode.swift; path = LoginAutocompleteView.swift; sourceTree = "<group>"; };
		DB393FDB2976E3EE00E0B36C /* UserAPIModel.swift */ = {isa = PBXFileReference; lastKnownFileType = sourcecode.swift; path = UserAPIModel.swift; sourceTree = "<group>"; };
		DB393FDD2976E3F500E0B36C /* User.swift */ = {isa = PBXFileReference; lastKnownFileType = sourcecode.swift; path = User.swift; sourceTree = "<group>"; };
		DB393FDF2976F0C300E0B36C /* Coalition.swift */ = {isa = PBXFileReference; lastKnownFileType = sourcecode.swift; path = Coalition.swift; sourceTree = "<group>"; };
		DB393FE32976F46D00E0B36C /* UserResultView.swift */ = {isa = PBXFileReference; lastKnownFileType = sourcecode.swift; path = UserResultView.swift; sourceTree = "<group>"; };
		DB393FE52978429F00E0B36C /* LevelBarView.swift */ = {isa = PBXFileReference; lastKnownFileType = sourcecode.swift; path = LevelBarView.swift; sourceTree = "<group>"; };
		DBB60A3B29718BC70093BAA9 /* 42API-Info.plist */ = {isa = PBXFileReference; lastKnownFileType = text.plist.xml; path = "42API-Info.plist"; sourceTree = "<group>"; };
		DBB60A4129719B430093BAA9 /* TokenAPIModel.swift */ = {isa = PBXFileReference; lastKnownFileType = sourcecode.swift; path = TokenAPIModel.swift; sourceTree = "<group>"; };
		DBB60A4329719EA20093BAA9 /* Token.swift */ = {isa = PBXFileReference; lastKnownFileType = sourcecode.swift; path = Token.swift; sourceTree = "<group>"; };
		DBB60A452971A71B0093BAA9 /* Info.plist */ = {isa = PBXFileReference; lastKnownFileType = text.plist; path = Info.plist; sourceTree = "<group>"; };
		DBB65052296D60530078375B /* swifty-companion.app */ = {isa = PBXFileReference; explicitFileType = wrapper.application; includeInIndex = 0; path = "swifty-companion.app"; sourceTree = BUILT_PRODUCTS_DIR; };
		DBB65055296D60530078375B /* swifty_companionApp.swift */ = {isa = PBXFileReference; lastKnownFileType = sourcecode.swift; path = swifty_companionApp.swift; sourceTree = "<group>"; };
		DBB65057296D60530078375B /* HomePageView.swift */ = {isa = PBXFileReference; lastKnownFileType = sourcecode.swift; path = HomePageView.swift; sourceTree = "<group>"; };
		DBB65059296D60550078375B /* Assets.xcassets */ = {isa = PBXFileReference; lastKnownFileType = folder.assetcatalog; path = Assets.xcassets; sourceTree = "<group>"; };
		DBB6505C296D60550078375B /* Preview Assets.xcassets */ = {isa = PBXFileReference; lastKnownFileType = folder.assetcatalog; path = "Preview Assets.xcassets"; sourceTree = "<group>"; };
		DBCD699C296DA6EA0046D5F9 /* StyledTextField.swift */ = {isa = PBXFileReference; lastKnownFileType = sourcecode.swift; path = StyledTextField.swift; sourceTree = "<group>"; };
		DBCD699E296DCC2D0046D5F9 /* LoadingView.swift */ = {isa = PBXFileReference; lastKnownFileType = sourcecode.swift; path = LoadingView.swift; sourceTree = "<group>"; };
		DBCD69A1296DCD420046D5F9 /* SearchLoginView.swift */ = {isa = PBXFileReference; lastKnownFileType = sourcecode.swift; path = SearchLoginView.swift; sourceTree = "<group>"; };
		DBE8AE1A296D9DBF00DAFBE1 /* ButtonIcon.swift */ = {isa = PBXFileReference; lastKnownFileType = sourcecode.swift; path = ButtonIcon.swift; sourceTree = "<group>"; };
		DBE8AE1C296DA10B00DAFBE1 /* LoginEntryView.swift */ = {isa = PBXFileReference; lastKnownFileType = sourcecode.swift; path = LoginEntryView.swift; sourceTree = "<group>"; };
/* End PBXFileReference section */

/* Begin PBXFrameworksBuildPhase section */
		DBB6504F296D60530078375B /* Frameworks */ = {
			isa = PBXFrameworksBuildPhase;
			buildActionMask = 2147483647;
			files = (
			);
			runOnlyForDeploymentPostprocessing = 0;
		};
/* End PBXFrameworksBuildPhase section */

/* Begin PBXGroup section */
		DBB65049296D60530078375B = {
			isa = PBXGroup;
			children = (
				DBB60A3B29718BC70093BAA9 /* 42API-Info.plist */,
				DBB65054296D60530078375B /* swifty-companion */,
				DBB65053296D60530078375B /* Products */,
			);
			sourceTree = "<group>";
		};
		DBB65053296D60530078375B /* Products */ = {
			isa = PBXGroup;
			children = (
				DBB65052296D60530078375B /* swifty-companion.app */,
			);
			name = Products;
			sourceTree = "<group>";
		};
		DBB65054296D60530078375B /* swifty-companion */ = {
			isa = PBXGroup;
			children = (
				DBB60A452971A71B0093BAA9 /* Info.plist */,
				DBB65066296D622F0078375B /* Models */,
				DBB65065296D621C0078375B /* Style */,
				DBB65064296D62140078375B /* Services */,
				DBB65063296D60730078375B /* Views */,
				DBB65055296D60530078375B /* swifty_companionApp.swift */,
				DBB65057296D60530078375B /* HomePageView.swift */,
				DBB65059296D60550078375B /* Assets.xcassets */,
				DBB6505B296D60550078375B /* Preview Content */,
				DB393FE32976F46D00E0B36C /* UserResultView.swift */,
			);
			path = "swifty-companion";
			sourceTree = "<group>";
		};
		DBB6505B296D60550078375B /* Preview Content */ = {
			isa = PBXGroup;
			children = (
				DBB6505C296D60550078375B /* Preview Assets.xcassets */,
			);
			path = "Preview Content";
			sourceTree = "<group>";
		};
		DBB65063296D60730078375B /* Views */ = {
			isa = PBXGroup;
			children = (
				DBCD69A0296DCC360046D5F9 /* Subviews */,
			);
			path = Views;
			sourceTree = "<group>";
		};
		DBB65064296D62140078375B /* Services */ = {
			isa = PBXGroup;
			children = (
			);
			path = Services;
			sourceTree = "<group>";
		};
		DBB65065296D621C0078375B /* Style */ = {
			isa = PBXGroup;
			children = (
				DBE8AE1A296D9DBF00DAFBE1 /* ButtonIcon.swift */,
				DBCD699C296DA6EA0046D5F9 /* StyledTextField.swift */,
			);
			path = Style;
			sourceTree = "<group>";
		};
		DBB65066296D622F0078375B /* Models */ = {
			isa = PBXGroup;
			children = (
				DBB60A4129719B430093BAA9 /* TokenAPIModel.swift */,
				DB0EB6B22975D0E3005ABFB3 /* ParisCampusUsersAPI.swift */,
				DB0EB6B02975B90C005ABFB3 /* CampusUsers.swift */,
				DBB60A4329719EA20093BAA9 /* Token.swift */,
				DB393FDB2976E3EE00E0B36C /* UserAPIModel.swift */,
				DB393FDD2976E3F500E0B36C /* User.swift */,
				DB393FDF2976F0C300E0B36C /* Coalition.swift */,
			);
			path = Models;
			sourceTree = "<group>";
		};
		DBCD69A0296DCC360046D5F9 /* Subviews */ = {
			isa = PBXGroup;
			children = (
				DBCD699E296DCC2D0046D5F9 /* LoadingView.swift */,
				DBE8AE1C296DA10B00DAFBE1 /* LoginEntryView.swift */,
				DBCD69A1296DCD420046D5F9 /* SearchLoginView.swift */,
				DB0EB6B42975E700005ABFB3 /* LoginAutocompleteView.swift */,
				DB393FE52978429F00E0B36C /* LevelBarView.swift */,
			);
			path = Subviews;
			sourceTree = "<group>";
		};
/* End PBXGroup section */

/* Begin PBXNativeTarget section */
		DBB65051296D60530078375B /* swifty-companion */ = {
			isa = PBXNativeTarget;
			buildConfigurationList = DBB65060296D60550078375B /* Build configuration list for PBXNativeTarget "swifty-companion" */;
			buildPhases = (
				DBB6504E296D60530078375B /* Sources */,
				DBB6504F296D60530078375B /* Frameworks */,
				DBB65050296D60530078375B /* Resources */,
			);
			buildRules = (
			);
			dependencies = (
			);
			name = "swifty-companion";
			productName = "swifty-companion";
			productReference = DBB65052296D60530078375B /* swifty-companion.app */;
			productType = "com.apple.product-type.application";
		};
/* End PBXNativeTarget section */

/* Begin PBXProject section */
		DBB6504A296D60530078375B /* Project object */ = {
			isa = PBXProject;
			attributes = {
				BuildIndependentTargetsInParallel = 1;
				LastSwiftUpdateCheck = 1420;
				LastUpgradeCheck = 1420;
				TargetAttributes = {
					DBB65051296D60530078375B = {
						CreatedOnToolsVersion = 14.2;
					};
				};
			};
			buildConfigurationList = DBB6504D296D60530078375B /* Build configuration list for PBXProject "swifty-companion" */;
			compatibilityVersion = "Xcode 14.0";
			developmentRegion = en;
			hasScannedForEncodings = 0;
			knownRegions = (
				en,
				Base,
			);
			mainGroup = DBB65049296D60530078375B;
			productRefGroup = DBB65053296D60530078375B /* Products */;
			projectDirPath = "";
			projectRoot = "";
			targets = (
				DBB65051296D60530078375B /* swifty-companion */,
			);
		};
/* End PBXProject section */

/* Begin PBXResourcesBuildPhase section */
		DBB65050296D60530078375B /* Resources */ = {
			isa = PBXResourcesBuildPhase;
			buildActionMask = 2147483647;
			files = (
				DBB60A3C29718BC70093BAA9 /* 42API-Info.plist in Resources */,
				DBB6505D296D60550078375B /* Preview Assets.xcassets in Resources */,
				DBB6505A296D60550078375B /* Assets.xcassets in Resources */,
			);
			runOnlyForDeploymentPostprocessing = 0;
		};
/* End PBXResourcesBuildPhase section */

/* Begin PBXSourcesBuildPhase section */
		DBB6504E296D60530078375B /* Sources */ = {
			isa = PBXSourcesBuildPhase;
			buildActionMask = 2147483647;
			files = (
				DB393FE02976F0C300E0B36C /* Coalition.swift in Sources */,
				DBB65058296D60530078375B /* HomePageView.swift in Sources */,
				DB0EB6B52975E700005ABFB3 /* LoginAutocompleteView.swift in Sources */,
				DB0EB6B32975D0E3005ABFB3 /* ParisCampusUsersAPI.swift in Sources */,
				DBB60A4429719EA20093BAA9 /* Token.swift in Sources */,
				DBE8AE1D296DA10B00DAFBE1 /* LoginEntryView.swift in Sources */,
				DBB65056296D60530078375B /* swifty_companionApp.swift in Sources */,
				DB393FDE2976E3F500E0B36C /* User.swift in Sources */,
				DBCD69A2296DCD420046D5F9 /* SearchLoginView.swift in Sources */,
				DB393FDC2976E3EE00E0B36C /* UserAPIModel.swift in Sources */,
				DBB60A4229719B430093BAA9 /* TokenAPIModel.swift in Sources */,
				DBCD699D296DA6EA0046D5F9 /* StyledTextField.swift in Sources */,
				DB393FE42976F46D00E0B36C /* UserResultView.swift in Sources */,
				DB393FE62978429F00E0B36C /* LevelBarView.swift in Sources */,
				DBE8AE1B296D9DBF00DAFBE1 /* ButtonIcon.swift in Sources */,
				DBCD699F296DCC2D0046D5F9 /* LoadingView.swift in Sources */,
				DB0EB6B12975B90C005ABFB3 /* CampusUsers.swift in Sources */,
			);
			runOnlyForDeploymentPostprocessing = 0;
		};
/* End PBXSourcesBuildPhase section */

/* Begin XCBuildConfiguration section */
		DBB6505E296D60550078375B /* Debug */ = {
			isa = XCBuildConfiguration;
			buildSettings = {
				ALWAYS_SEARCH_USER_PATHS = NO;
				CLANG_ANALYZER_NONNULL = YES;
				CLANG_ANALYZER_NUMBER_OBJECT_CONVERSION = YES_AGGRESSIVE;
				CLANG_CXX_LANGUAGE_STANDARD = "gnu++20";
				CLANG_ENABLE_MODULES = YES;
				CLANG_ENABLE_OBJC_ARC = YES;
				CLANG_ENABLE_OBJC_WEAK = YES;
				CLANG_WARN_BLOCK_CAPTURE_AUTORELEASING = YES;
				CLANG_WARN_BOOL_CONVERSION = YES;
				CLANG_WARN_COMMA = YES;
				CLANG_WARN_CONSTANT_CONVERSION = YES;
				CLANG_WARN_DEPRECATED_OBJC_IMPLEMENTATIONS = YES;
				CLANG_WARN_DIRECT_OBJC_ISA_USAGE = YES_ERROR;
				CLANG_WARN_DOCUMENTATION_COMMENTS = YES;
				CLANG_WARN_EMPTY_BODY = YES;
				CLANG_WARN_ENUM_CONVERSION = YES;
				CLANG_WARN_INFINITE_RECURSION = YES;
				CLANG_WARN_INT_CONVERSION = YES;
				CLANG_WARN_NON_LITERAL_NULL_CONVERSION = YES;
				CLANG_WARN_OBJC_IMPLICIT_RETAIN_SELF = YES;
				CLANG_WARN_OBJC_LITERAL_CONVERSION = YES;
				CLANG_WARN_OBJC_ROOT_CLASS = YES_ERROR;
				CLANG_WARN_QUOTED_INCLUDE_IN_FRAMEWORK_HEADER = YES;
				CLANG_WARN_RANGE_LOOP_ANALYSIS = YES;
				CLANG_WARN_STRICT_PROTOTYPES = YES;
				CLANG_WARN_SUSPICIOUS_MOVE = YES;
				CLANG_WARN_UNGUARDED_AVAILABILITY = YES_AGGRESSIVE;
				CLANG_WARN_UNREACHABLE_CODE = YES;
				CLANG_WARN__DUPLICATE_METHOD_MATCH = YES;
				COPY_PHASE_STRIP = NO;
				DEBUG_INFORMATION_FORMAT = dwarf;
				ENABLE_STRICT_OBJC_MSGSEND = YES;
				ENABLE_TESTABILITY = YES;
				GCC_C_LANGUAGE_STANDARD = gnu11;
				GCC_DYNAMIC_NO_PIC = NO;
				GCC_NO_COMMON_BLOCKS = YES;
				GCC_OPTIMIZATION_LEVEL = 0;
				GCC_PREPROCESSOR_DEFINITIONS = (
					"DEBUG=1",
					"$(inherited)",
				);
				GCC_WARN_64_TO_32_BIT_CONVERSION = YES;
				GCC_WARN_ABOUT_RETURN_TYPE = YES_ERROR;
				GCC_WARN_UNDECLARED_SELECTOR = YES;
				GCC_WARN_UNINITIALIZED_AUTOS = YES_AGGRESSIVE;
				GCC_WARN_UNUSED_FUNCTION = YES;
				GCC_WARN_UNUSED_VARIABLE = YES;
				INFOPLIST_KEY_UIApplicationSceneManifest_Generation = NO;
				IPHONEOS_DEPLOYMENT_TARGET = 16.2;
				MTL_ENABLE_DEBUG_INFO = INCLUDE_SOURCE;
				MTL_FAST_MATH = YES;
				ONLY_ACTIVE_ARCH = YES;
				SDKROOT = iphoneos;
				SWIFT_ACTIVE_COMPILATION_CONDITIONS = DEBUG;
				SWIFT_OPTIMIZATION_LEVEL = "-Onone";
			};
			name = Debug;
		};
		DBB6505F296D60550078375B /* Release */ = {
			isa = XCBuildConfiguration;
			buildSettings = {
				ALWAYS_SEARCH_USER_PATHS = NO;
				CLANG_ANALYZER_NONNULL = YES;
				CLANG_ANALYZER_NUMBER_OBJECT_CONVERSION = YES_AGGRESSIVE;
				CLANG_CXX_LANGUAGE_STANDARD = "gnu++20";
				CLANG_ENABLE_MODULES = YES;
				CLANG_ENABLE_OBJC_ARC = YES;
				CLANG_ENABLE_OBJC_WEAK = YES;
				CLANG_WARN_BLOCK_CAPTURE_AUTORELEASING = YES;
				CLANG_WARN_BOOL_CONVERSION = YES;
				CLANG_WARN_COMMA = YES;
				CLANG_WARN_CONSTANT_CONVERSION = YES;
				CLANG_WARN_DEPRECATED_OBJC_IMPLEMENTATIONS = YES;
				CLANG_WARN_DIRECT_OBJC_ISA_USAGE = YES_ERROR;
				CLANG_WARN_DOCUMENTATION_COMMENTS = YES;
				CLANG_WARN_EMPTY_BODY = YES;
				CLANG_WARN_ENUM_CONVERSION = YES;
				CLANG_WARN_INFINITE_RECURSION = YES;
				CLANG_WARN_INT_CONVERSION = YES;
				CLANG_WARN_NON_LITERAL_NULL_CONVERSION = YES;
				CLANG_WARN_OBJC_IMPLICIT_RETAIN_SELF = YES;
				CLANG_WARN_OBJC_LITERAL_CONVERSION = YES;
				CLANG_WARN_OBJC_ROOT_CLASS = YES_ERROR;
				CLANG_WARN_QUOTED_INCLUDE_IN_FRAMEWORK_HEADER = YES;
				CLANG_WARN_RANGE_LOOP_ANALYSIS = YES;
				CLANG_WARN_STRICT_PROTOTYPES = YES;
				CLANG_WARN_SUSPICIOUS_MOVE = YES;
				CLANG_WARN_UNGUARDED_AVAILABILITY = YES_AGGRESSIVE;
				CLANG_WARN_UNREACHABLE_CODE = YES;
				CLANG_WARN__DUPLICATE_METHOD_MATCH = YES;
				COPY_PHASE_STRIP = NO;
				DEBUG_INFORMATION_FORMAT = "dwarf-with-dsym";
				ENABLE_NS_ASSERTIONS = NO;
				ENABLE_STRICT_OBJC_MSGSEND = YES;
				GCC_C_LANGUAGE_STANDARD = gnu11;
				GCC_NO_COMMON_BLOCKS = YES;
				GCC_WARN_64_TO_32_BIT_CONVERSION = YES;
				GCC_WARN_ABOUT_RETURN_TYPE = YES_ERROR;
				GCC_WARN_UNDECLARED_SELECTOR = YES;
				GCC_WARN_UNINITIALIZED_AUTOS = YES_AGGRESSIVE;
				GCC_WARN_UNUSED_FUNCTION = YES;
				GCC_WARN_UNUSED_VARIABLE = YES;
				INFOPLIST_KEY_UIApplicationSceneManifest_Generation = NO;
				IPHONEOS_DEPLOYMENT_TARGET = 16.2;
				MTL_ENABLE_DEBUG_INFO = NO;
				MTL_FAST_MATH = YES;
				SDKROOT = iphoneos;
				SWIFT_COMPILATION_MODE = wholemodule;
				SWIFT_OPTIMIZATION_LEVEL = "-O";
				VALIDATE_PRODUCT = YES;
			};
			name = Release;
		};
		DBB65061296D60550078375B /* Debug */ = {
			isa = XCBuildConfiguration;
			buildSettings = {
				ASSETCATALOG_COMPILER_APPICON_NAME = AppIcon;
				ASSETCATALOG_COMPILER_GLOBAL_ACCENT_COLOR_NAME = AccentColor;
				CODE_SIGN_STYLE = Automatic;
				CURRENT_PROJECT_VERSION = 1;
				DEVELOPMENT_ASSET_PATHS = "\"swifty-companion/Preview Content\"";
				DEVELOPMENT_TEAM = 4S2R248368;
				ENABLE_PREVIEWS = YES;
				GENERATE_INFOPLIST_FILE = YES;
				INFOPLIST_FILE = "swifty-companion/Info.plist";
				INFOPLIST_KEY_UIApplicationSupportsIndirectInputEvents = YES;
				INFOPLIST_KEY_UILaunchScreen_Generation = YES;
				INFOPLIST_KEY_UISupportedInterfaceOrientations_iPad = "UIInterfaceOrientationPortrait UIInterfaceOrientationPortraitUpsideDown UIInterfaceOrientationLandscapeLeft UIInterfaceOrientationLandscapeRight";
				INFOPLIST_KEY_UISupportedInterfaceOrientations_iPhone = "UIInterfaceOrientationPortrait UIInterfaceOrientationLandscapeLeft UIInterfaceOrientationLandscapeRight";
				IPHONEOS_DEPLOYMENT_TARGET = 16.1;
				LD_RUNPATH_SEARCH_PATHS = (
					"$(inherited)",
					"@executable_path/Frameworks",
				);
				MARKETING_VERSION = 1.0;
				PRODUCT_BUNDLE_IDENTIFIER = "Lea.swifty-companion";
				PRODUCT_NAME = "$(TARGET_NAME)";
				SWIFT_EMIT_LOC_STRINGS = YES;
				SWIFT_VERSION = 5.0;
				TARGETED_DEVICE_FAMILY = "1,2";
			};
			name = Debug;
		};
		DBB65062296D60550078375B /* Release */ = {
			isa = XCBuildConfiguration;
			buildSettings = {
				ASSETCATALOG_COMPILER_APPICON_NAME = AppIcon;
				ASSETCATALOG_COMPILER_GLOBAL_ACCENT_COLOR_NAME = AccentColor;
				CODE_SIGN_STYLE = Automatic;
				CURRENT_PROJECT_VERSION = 1;
				DEVELOPMENT_ASSET_PATHS = "\"swifty-companion/Preview Content\"";
				DEVELOPMENT_TEAM = 4S2R248368;
				ENABLE_PREVIEWS = YES;
				GENERATE_INFOPLIST_FILE = YES;
				INFOPLIST_FILE = "swifty-companion/Info.plist";
				INFOPLIST_KEY_UIApplicationSupportsIndirectInputEvents = YES;
				INFOPLIST_KEY_UILaunchScreen_Generation = YES;
				INFOPLIST_KEY_UISupportedInterfaceOrientations_iPad = "UIInterfaceOrientationPortrait UIInterfaceOrientationPortraitUpsideDown UIInterfaceOrientationLandscapeLeft UIInterfaceOrientationLandscapeRight";
				INFOPLIST_KEY_UISupportedInterfaceOrientations_iPhone = "UIInterfaceOrientationPortrait UIInterfaceOrientationLandscapeLeft UIInterfaceOrientationLandscapeRight";
				IPHONEOS_DEPLOYMENT_TARGET = 16.1;
				LD_RUNPATH_SEARCH_PATHS = (
					"$(inherited)",
					"@executable_path/Frameworks",
				);
				MARKETING_VERSION = 1.0;
				PRODUCT_BUNDLE_IDENTIFIER = "Lea.swifty-companion";
				PRODUCT_NAME = "$(TARGET_NAME)";
				SWIFT_EMIT_LOC_STRINGS = YES;
				SWIFT_VERSION = 5.0;
				TARGETED_DEVICE_FAMILY = "1,2";
			};
			name = Release;
		};
/* End XCBuildConfiguration section */

/* Begin XCConfigurationList section */
		DBB6504D296D60530078375B /* Build configuration list for PBXProject "swifty-companion" */ = {
			isa = XCConfigurationList;
			buildConfigurations = (
				DBB6505E296D60550078375B /* Debug */,
				DBB6505F296D60550078375B /* Release */,
			);
			defaultConfigurationIsVisible = 0;
			defaultConfigurationName = Release;
		};
		DBB65060296D60550078375B /* Build configuration list for PBXNativeTarget "swifty-companion" */ = {
			isa = XCConfigurationList;
			buildConfigurations = (
				DBB65061296D60550078375B /* Debug */,
				DBB65062296D60550078375B /* Release */,
			);
			defaultConfigurationIsVisible = 0;
			defaultConfigurationName = Release;
		};
/* End XCConfigurationList section */
	};
	rootObject = DBB6504A296D60530078375B /* Project object */;
}
